// !$*UTF8*$!
{
	archiveVersion = 1;
	classes = {
	};
	objectVersion = 46;
	objects = {

/* Begin PBXBuildFile section */
		100102401D94058400DEC9D0 /* main.m in Sources */ = {isa = PBXBuildFile; fileRef = 1001023F1D94058400DEC9D0 /* main.m */; };
		100102431D94058400DEC9D0 /* AppDelegate.m in Sources */ = {isa = PBXBuildFile; fileRef = 100102421D94058400DEC9D0 /* AppDelegate.m */; };
		100102461D94058400DEC9D0 /* ViewController.m in Sources */ = {isa = PBXBuildFile; fileRef = 100102451D94058400DEC9D0 /* ViewController.m */; };
		100102491D94058400DEC9D0 /* Main.storyboard in Resources */ = {isa = PBXBuildFile; fileRef = 100102471D94058400DEC9D0 /* Main.storyboard */; };
		1001024B1D94058400DEC9D0 /* Assets.xcassets in Resources */ = {isa = PBXBuildFile; fileRef = 1001024A1D94058400DEC9D0 /* Assets.xcassets */; };
		1001024E1D94058400DEC9D0 /* LaunchScreen.storyboard in Resources */ = {isa = PBXBuildFile; fileRef = 1001024C1D94058400DEC9D0 /* LaunchScreen.storyboard */; };
		1069267A1D957B4300640CCE /* QuartzCore.framework in Frameworks */ = {isa = PBXBuildFile; fileRef = 106926791D957B4300640CCE /* QuartzCore.framework */; };
		108098051D966122008A1BF4 /* kick-low1.mp3 in Resources */ = {isa = PBXBuildFile; fileRef = 108098031D966122008A1BF4 /* kick-low1.mp3 */; };
		108098061D966122008A1BF4 /* punch-middle2.mp3 in Resources */ = {isa = PBXBuildFile; fileRef = 108098041D966122008A1BF4 /* punch-middle2.mp3 */; };
		1080980B1D9666F0008A1BF4 /* kick-high1.mp3 in Resources */ = {isa = PBXBuildFile; fileRef = 108098071D9666F0008A1BF4 /* kick-high1.mp3 */; };
		1080980C1D9666F0008A1BF4 /* kick-middle1.mp3 in Resources */ = {isa = PBXBuildFile; fileRef = 108098081D9666F0008A1BF4 /* kick-middle1.mp3 */; };
		1080980D1D9666F0008A1BF4 /* punch-high1.mp3 in Resources */ = {isa = PBXBuildFile; fileRef = 108098091D9666F0008A1BF4 /* punch-high1.mp3 */; };
		1080980E1D9666F0008A1BF4 /* punch-high2.mp3 in Resources */ = {isa = PBXBuildFile; fileRef = 1080980A1D9666F0008A1BF4 /* punch-high2.mp3 */; };
		108098111D966959008A1BF4 /* down1.mp3 in Resources */ = {isa = PBXBuildFile; fileRef = 1080980F1D966959008A1BF4 /* down1.mp3 */; };
		108098121D966959008A1BF4 /* tackle1.mp3 in Resources */ = {isa = PBXBuildFile; fileRef = 108098101D966959008A1BF4 /* tackle1.mp3 */; };
		108098181D966A98008A1BF4 /* katana-gesture1.mp3 in Resources */ = {isa = PBXBuildFile; fileRef = 108098131D966A98008A1BF4 /* katana-gesture1.mp3 */; };
		108098191D966A98008A1BF4 /* katana-slash5.mp3 in Resources */ = {isa = PBXBuildFile; fileRef = 108098141D966A98008A1BF4 /* katana-slash5.mp3 */; };
		1080981A1D966A98008A1BF4 /* sword-clash1.mp3 in Resources */ = {isa = PBXBuildFile; fileRef = 108098151D966A98008A1BF4 /* sword-clash1.mp3 */; };
		1080981B1D966A98008A1BF4 /* sword-clash4.mp3 in Resources */ = {isa = PBXBuildFile; fileRef = 108098161D966A98008A1BF4 /* sword-clash4.mp3 */; };
		1080981C1D966A98008A1BF4 /* sword-gesture1.mp3 in Resources */ = {isa = PBXBuildFile; fileRef = 108098171D966A98008A1BF4 /* sword-gesture1.mp3 */; };
		1080981F1D966B55008A1BF4 /* katana-slash1.mp3 in Resources */ = {isa = PBXBuildFile; fileRef = 1080981D1D966B55008A1BF4 /* katana-slash1.mp3 */; };
		108098201D966B55008A1BF4 /* sword-slash1.mp3 in Resources */ = {isa = PBXBuildFile; fileRef = 1080981E1D966B55008A1BF4 /* sword-slash1.mp3 */; };
		108098221D966CB4008A1BF4 /* katana-clash2.mp3 in Resources */ = {isa = PBXBuildFile; fileRef = 108098211D966CB4008A1BF4 /* katana-clash2.mp3 */; };
		108098241D966D33008A1BF4 /* katana-clash3.mp3 in Resources */ = {isa = PBXBuildFile; fileRef = 108098231D966D33008A1BF4 /* katana-clash3.mp3 */; };
		108098261D96B73C008A1BF4 /* katana-clash1.mp3 in Resources */ = {isa = PBXBuildFile; fileRef = 108098251D96B73C008A1BF4 /* katana-clash1.mp3 */; };
		108098291D96B7E2008A1BF4 /* katana-slash2.mp3 in Resources */ = {isa = PBXBuildFile; fileRef = 108098271D96B7E2008A1BF4 /* katana-slash2.mp3 */; };
		1080982A1D96B7E2008A1BF4 /* katana-slash3.mp3 in Resources */ = {isa = PBXBuildFile; fileRef = 108098281D96B7E2008A1BF4 /* katana-slash3.mp3 */; };
		108C2F7E1D94115B000D7F20 /* fliclib.framework in Frameworks */ = {isa = PBXBuildFile; fileRef = 108C2F7D1D94115B000D7F20 /* fliclib.framework */; };
		108C2F7F1D94115B000D7F20 /* fliclib.framework in Embed Frameworks */ = {isa = PBXBuildFile; fileRef = 108C2F7D1D94115B000D7F20 /* fliclib.framework */; settings = {ATTRIBUTES = (CodeSignOnCopy, RemoveHeadersOnCopy, ); }; };
		108C2F831D956DCC000D7F20 /* panchi03.mp3 in Resources */ = {isa = PBXBuildFile; fileRef = 108C2F821D956DCC000D7F20 /* panchi03.mp3 */; };
		108C2F851D956EDB000D7F20 /* AVFoundation.framework in Frameworks */ = {isa = PBXBuildFile; fileRef = 108C2F841D956EDB000D7F20 /* AVFoundation.framework */; };
		108C2F871D957401000D7F20 /* panchi10.mp3 in Resources */ = {isa = PBXBuildFile; fileRef = 108C2F861D957401000D7F20 /* panchi10.mp3 */; };
		108C2F8D1D9574F1000D7F20 /* bun02.mp3 in Resources */ = {isa = PBXBuildFile; fileRef = 108C2F881D9574F1000D7F20 /* bun02.mp3 */; };
		108C2F8E1D9574F1000D7F20 /* panch_jabu11.mp3 in Resources */ = {isa = PBXBuildFile; fileRef = 108C2F891D9574F1000D7F20 /* panch_jabu11.mp3 */; };
		108C2F8F1D9574F1000D7F20 /* panchi07.mp3 in Resources */ = {isa = PBXBuildFile; fileRef = 108C2F8A1D9574F1000D7F20 /* panchi07.mp3 */; };
		108C2F901D9574F1000D7F20 /* taoreru09.mp3 in Resources */ = {isa = PBXBuildFile; fileRef = 108C2F8B1D9574F1000D7F20 /* taoreru09.mp3 */; };
		108C2F911D9574F1000D7F20 /* zuza01.mp3 in Resources */ = {isa = PBXBuildFile; fileRef = 108C2F8C1D9574F1000D7F20 /* zuza01.mp3 */; };
/* End PBXBuildFile section */

/* Begin PBXCopyFilesBuildPhase section */
		100102601D940A7D00DEC9D0 /* Embed Frameworks */ = {
			isa = PBXCopyFilesBuildPhase;
			buildActionMask = 2147483647;
			dstPath = "";
			dstSubfolderSpec = 10;
			files = (
				108C2F7F1D94115B000D7F20 /* fliclib.framework in Embed Frameworks */,
			);
			name = "Embed Frameworks";
			runOnlyForDeploymentPostprocessing = 0;
		};
/* End PBXCopyFilesBuildPhase section */

/* Begin PBXFileReference section */
		1001023B1D94058400DEC9D0 /* TigerFlic.app */ = {isa = PBXFileReference; explicitFileType = wrapper.application; includeInIndex = 0; path = TigerFlic.app; sourceTree = BUILT_PRODUCTS_DIR; };
		1001023F1D94058400DEC9D0 /* main.m */ = {isa = PBXFileReference; lastKnownFileType = sourcecode.c.objc; path = main.m; sourceTree = "<group>"; };
		100102411D94058400DEC9D0 /* AppDelegate.h */ = {isa = PBXFileReference; lastKnownFileType = sourcecode.c.h; path = AppDelegate.h; sourceTree = "<group>"; };
		100102421D94058400DEC9D0 /* AppDelegate.m */ = {isa = PBXFileReference; lastKnownFileType = sourcecode.c.objc; path = AppDelegate.m; sourceTree = "<group>"; };
		100102441D94058400DEC9D0 /* ViewController.h */ = {isa = PBXFileReference; lastKnownFileType = sourcecode.c.h; path = ViewController.h; sourceTree = "<group>"; };
		100102451D94058400DEC9D0 /* ViewController.m */ = {isa = PBXFileReference; lastKnownFileType = sourcecode.c.objc; path = ViewController.m; sourceTree = "<group>"; };
		100102481D94058400DEC9D0 /* Base */ = {isa = PBXFileReference; lastKnownFileType = file.storyboard; name = Base; path = Base.lproj/Main.storyboard; sourceTree = "<group>"; };
		1001024A1D94058400DEC9D0 /* Assets.xcassets */ = {isa = PBXFileReference; lastKnownFileType = folder.assetcatalog; path = Assets.xcassets; sourceTree = "<group>"; };
		1001024D1D94058400DEC9D0 /* Base */ = {isa = PBXFileReference; lastKnownFileType = file.storyboard; name = Base; path = Base.lproj/LaunchScreen.storyboard; sourceTree = "<group>"; };
		1001024F1D94058400DEC9D0 /* Info.plist */ = {isa = PBXFileReference; lastKnownFileType = text.plist.xml; path = Info.plist; sourceTree = "<group>"; };
		106926791D957B4300640CCE /* QuartzCore.framework */ = {isa = PBXFileReference; lastKnownFileType = wrapper.framework; name = QuartzCore.framework; path = System/Library/Frameworks/QuartzCore.framework; sourceTree = SDKROOT; };
		1069267B1D958E6F00640CCE /* panchi07.m4a */ = {isa = PBXFileReference; lastKnownFileType = file; path = panchi07.m4a; sourceTree = "<group>"; };
		108098031D966122008A1BF4 /* kick-low1.mp3 */ = {isa = PBXFileReference; lastKnownFileType = audio.mp3; path = "kick-low1.mp3"; sourceTree = "<group>"; };
		108098041D966122008A1BF4 /* punch-middle2.mp3 */ = {isa = PBXFileReference; lastKnownFileType = audio.mp3; path = "punch-middle2.mp3"; sourceTree = "<group>"; };
		108098071D9666F0008A1BF4 /* kick-high1.mp3 */ = {isa = PBXFileReference; lastKnownFileType = audio.mp3; path = "kick-high1.mp3"; sourceTree = "<group>"; };
		108098081D9666F0008A1BF4 /* kick-middle1.mp3 */ = {isa = PBXFileReference; lastKnownFileType = audio.mp3; path = "kick-middle1.mp3"; sourceTree = "<group>"; };
		108098091D9666F0008A1BF4 /* punch-high1.mp3 */ = {isa = PBXFileReference; lastKnownFileType = audio.mp3; path = "punch-high1.mp3"; sourceTree = "<group>"; };
		1080980A1D9666F0008A1BF4 /* punch-high2.mp3 */ = {isa = PBXFileReference; lastKnownFileType = audio.mp3; path = "punch-high2.mp3"; sourceTree = "<group>"; };
		1080980F1D966959008A1BF4 /* down1.mp3 */ = {isa = PBXFileReference; lastKnownFileType = audio.mp3; path = down1.mp3; sourceTree = "<group>"; };
		108098101D966959008A1BF4 /* tackle1.mp3 */ = {isa = PBXFileReference; lastKnownFileType = audio.mp3; path = tackle1.mp3; sourceTree = "<group>"; };
		108098131D966A98008A1BF4 /* katana-gesture1.mp3 */ = {isa = PBXFileReference; lastKnownFileType = audio.mp3; path = "katana-gesture1.mp3"; sourceTree = "<group>"; };
		108098141D966A98008A1BF4 /* katana-slash5.mp3 */ = {isa = PBXFileReference; lastKnownFileType = audio.mp3; path = "katana-slash5.mp3"; sourceTree = "<group>"; };
		108098151D966A98008A1BF4 /* sword-clash1.mp3 */ = {isa = PBXFileReference; lastKnownFileType = audio.mp3; path = "sword-clash1.mp3"; sourceTree = "<group>"; };
		108098161D966A98008A1BF4 /* sword-clash4.mp3 */ = {isa = PBXFileReference; lastKnownFileType = audio.mp3; path = "sword-clash4.mp3"; sourceTree = "<group>"; };
		108098171D966A98008A1BF4 /* sword-gesture1.mp3 */ = {isa = PBXFileReference; lastKnownFileType = audio.mp3; path = "sword-gesture1.mp3"; sourceTree = "<group>"; };
		1080981D1D966B55008A1BF4 /* katana-slash1.mp3 */ = {isa = PBXFileReference; lastKnownFileType = audio.mp3; path = "katana-slash1.mp3"; sourceTree = "<group>"; };
		1080981E1D966B55008A1BF4 /* sword-slash1.mp3 */ = {isa = PBXFileReference; lastKnownFileType = audio.mp3; path = "sword-slash1.mp3"; sourceTree = "<group>"; };
		108098211D966CB4008A1BF4 /* katana-clash2.mp3 */ = {isa = PBXFileReference; lastKnownFileType = audio.mp3; path = "katana-clash2.mp3"; sourceTree = "<group>"; };
		108098231D966D33008A1BF4 /* katana-clash3.mp3 */ = {isa = PBXFileReference; lastKnownFileType = audio.mp3; path = "katana-clash3.mp3"; sourceTree = "<group>"; };
		108098251D96B73C008A1BF4 /* katana-clash1.mp3 */ = {isa = PBXFileReference; lastKnownFileType = audio.mp3; path = "katana-clash1.mp3"; sourceTree = "<group>"; };
		108098271D96B7E2008A1BF4 /* katana-slash2.mp3 */ = {isa = PBXFileReference; lastKnownFileType = audio.mp3; path = "katana-slash2.mp3"; sourceTree = "<group>"; };
		108098281D96B7E2008A1BF4 /* katana-slash3.mp3 */ = {isa = PBXFileReference; lastKnownFileType = audio.mp3; path = "katana-slash3.mp3"; sourceTree = "<group>"; };
		108C2F7D1D94115B000D7F20 /* fliclib.framework */ = {isa = PBXFileReference; lastKnownFileType = wrapper.framework; name = fliclib.framework; path = "fliclib-ios-master/fliclib.framework"; sourceTree = "<group>"; };
		108C2F821D956DCC000D7F20 /* panchi03.mp3 */ = {isa = PBXFileReference; lastKnownFileType = audio.mp3; path = panchi03.mp3; sourceTree = "<group>"; };
		108C2F841D956EDB000D7F20 /* AVFoundation.framework */ = {isa = PBXFileReference; lastKnownFileType = wrapper.framework; name = AVFoundation.framework; path = System/Library/Frameworks/AVFoundation.framework; sourceTree = SDKROOT; };
		108C2F861D957401000D7F20 /* panchi10.mp3 */ = {isa = PBXFileReference; lastKnownFileType = audio.mp3; path = panchi10.mp3; sourceTree = "<group>"; };
		108C2F881D9574F1000D7F20 /* bun02.mp3 */ = {isa = PBXFileReference; lastKnownFileType = audio.mp3; path = bun02.mp3; sourceTree = "<group>"; };
		108C2F891D9574F1000D7F20 /* panch_jabu11.mp3 */ = {isa = PBXFileReference; lastKnownFileType = audio.mp3; path = panch_jabu11.mp3; sourceTree = "<group>"; };
		108C2F8A1D9574F1000D7F20 /* panchi07.mp3 */ = {isa = PBXFileReference; lastKnownFileType = audio.mp3; path = panchi07.mp3; sourceTree = "<group>"; };
		108C2F8B1D9574F1000D7F20 /* taoreru09.mp3 */ = {isa = PBXFileReference; lastKnownFileType = audio.mp3; path = taoreru09.mp3; sourceTree = "<group>"; };
		108C2F8C1D9574F1000D7F20 /* zuza01.mp3 */ = {isa = PBXFileReference; lastKnownFileType = audio.mp3; path = zuza01.mp3; sourceTree = "<group>"; };
/* End PBXFileReference section */

/* Begin PBXFrameworksBuildPhase section */
		100102381D94058400DEC9D0 /* Frameworks */ = {
			isa = PBXFrameworksBuildPhase;
			buildActionMask = 2147483647;
			files = (
				1069267A1D957B4300640CCE /* QuartzCore.framework in Frameworks */,
				108C2F851D956EDB000D7F20 /* AVFoundation.framework in Frameworks */,
				108C2F7E1D94115B000D7F20 /* fliclib.framework in Frameworks */,
			);
			runOnlyForDeploymentPostprocessing = 0;
		};
/* End PBXFrameworksBuildPhase section */

/* Begin PBXGroup section */
		100102321D94058400DEC9D0 = {
			isa = PBXGroup;
			children = (
				106926791D957B4300640CCE /* QuartzCore.framework */,
				108C2F841D956EDB000D7F20 /* AVFoundation.framework */,
				108C2F7D1D94115B000D7F20 /* fliclib.framework */,
				1001023D1D94058400DEC9D0 /* TigerFlic */,
				1001023C1D94058400DEC9D0 /* Products */,
			);
			sourceTree = "<group>";
		};
		1001023C1D94058400DEC9D0 /* Products */ = {
			isa = PBXGroup;
			children = (
				1001023B1D94058400DEC9D0 /* TigerFlic.app */,
			);
			name = Products;
			sourceTree = "<group>";
		};
		1001023D1D94058400DEC9D0 /* TigerFlic */ = {
			isa = PBXGroup;
			children = (
				100102411D94058400DEC9D0 /* AppDelegate.h */,
				100102421D94058400DEC9D0 /* AppDelegate.m */,
				100102441D94058400DEC9D0 /* ViewController.h */,
				100102451D94058400DEC9D0 /* ViewController.m */,
				100102471D94058400DEC9D0 /* Main.storyboard */,
				1001024A1D94058400DEC9D0 /* Assets.xcassets */,
				1001024C1D94058400DEC9D0 /* LaunchScreen.storyboard */,
				1001024F1D94058400DEC9D0 /* Info.plist */,
				1001023E1D94058400DEC9D0 /* Supporting Files */,
			);
			path = TigerFlic;
			sourceTree = "<group>";
		};
		1001023E1D94058400DEC9D0 /* Supporting Files */ = {
			isa = PBXGroup;
			children = (
				108098271D96B7E2008A1BF4 /* katana-slash2.mp3 */,
				108098281D96B7E2008A1BF4 /* katana-slash3.mp3 */,
				108098251D96B73C008A1BF4 /* katana-clash1.mp3 */,
				108098231D966D33008A1BF4 /* katana-clash3.mp3 */,
				108098211D966CB4008A1BF4 /* katana-clash2.mp3 */,
				1080981D1D966B55008A1BF4 /* katana-slash1.mp3 */,
				1080981E1D966B55008A1BF4 /* sword-slash1.mp3 */,
				108098131D966A98008A1BF4 /* katana-gesture1.mp3 */,
				108098141D966A98008A1BF4 /* katana-slash5.mp3 */,
				108098151D966A98008A1BF4 /* sword-clash1.mp3 */,
				108098161D966A98008A1BF4 /* sword-clash4.mp3 */,
				108098171D966A98008A1BF4 /* sword-gesture1.mp3 */,
				1080980F1D966959008A1BF4 /* down1.mp3 */,
				108098101D966959008A1BF4 /* tackle1.mp3 */,
				108098071D9666F0008A1BF4 /* kick-high1.mp3 */,
				108098081D9666F0008A1BF4 /* kick-middle1.mp3 */,
				108098091D9666F0008A1BF4 /* punch-high1.mp3 */,
				1080980A1D9666F0008A1BF4 /* punch-high2.mp3 */,
				108098031D966122008A1BF4 /* kick-low1.mp3 */,
				108098041D966122008A1BF4 /* punch-middle2.mp3 */,
				1069267B1D958E6F00640CCE /* panchi07.m4a */,
				108C2F881D9574F1000D7F20 /* bun02.mp3 */,
				108C2F891D9574F1000D7F20 /* panch_jabu11.mp3 */,
				108C2F8A1D9574F1000D7F20 /* panchi07.mp3 */,
				108C2F8B1D9574F1000D7F20 /* taoreru09.mp3 */,
				108C2F8C1D9574F1000D7F20 /* zuza01.mp3 */,
				108C2F861D957401000D7F20 /* panchi10.mp3 */,
				108C2F821D956DCC000D7F20 /* panchi03.mp3 */,
				1001023F1D94058400DEC9D0 /* main.m */,
			);
			name = "Supporting Files";
			sourceTree = "<group>";
		};
/* End PBXGroup section */

/* Begin PBXNativeTarget section */
		1001023A1D94058400DEC9D0 /* TigerFlic */ = {
			isa = PBXNativeTarget;
			buildConfigurationList = 100102521D94058400DEC9D0 /* Build configuration list for PBXNativeTarget "TigerFlic" */;
			buildPhases = (
				100102371D94058400DEC9D0 /* Sources */,
				100102381D94058400DEC9D0 /* Frameworks */,
				100102391D94058400DEC9D0 /* Resources */,
				100102601D940A7D00DEC9D0 /* Embed Frameworks */,
			);
			buildRules = (
			);
			dependencies = (
			);
			name = TigerFlic;
			productName = TigerFlic;
			productReference = 1001023B1D94058400DEC9D0 /* TigerFlic.app */;
			productType = "com.apple.product-type.application";
		};
/* End PBXNativeTarget section */

/* Begin PBXProject section */
		100102331D94058400DEC9D0 /* Project object */ = {
			isa = PBXProject;
			attributes = {
				LastUpgradeCheck = 0730;
				ORGANIZATIONNAME = "Isshu Rakusai";
				TargetAttributes = {
					1001023A1D94058400DEC9D0 = {
						CreatedOnToolsVersion = 7.3.1;
						DevelopmentTeam = Y8FLQEL77G;
					};
				};
			};
			buildConfigurationList = 100102361D94058400DEC9D0 /* Build configuration list for PBXProject "TigerFlic" */;
			compatibilityVersion = "Xcode 3.2";
			developmentRegion = English;
			hasScannedForEncodings = 0;
			knownRegions = (
				en,
				Base,
			);
			mainGroup = 100102321D94058400DEC9D0;
			productRefGroup = 1001023C1D94058400DEC9D0 /* Products */;
			projectDirPath = "";
			projectRoot = "";
			targets = (
				1001023A1D94058400DEC9D0 /* TigerFlic */,
			);
		};
/* End PBXProject section */

/* Begin PBXResourcesBuildPhase section */
		100102391D94058400DEC9D0 /* Resources */ = {
			isa = PBXResourcesBuildPhase;
			buildActionMask = 2147483647;
			files = (
				108098261D96B73C008A1BF4 /* katana-clash1.mp3 in Resources */,
				108098201D966B55008A1BF4 /* sword-slash1.mp3 in Resources */,
				108098121D966959008A1BF4 /* tackle1.mp3 in Resources */,
				108C2F831D956DCC000D7F20 /* panchi03.mp3 in Resources */,
				1001024E1D94058400DEC9D0 /* LaunchScreen.storyboard in Resources */,
				108098111D966959008A1BF4 /* down1.mp3 in Resources */,
				108C2F8E1D9574F1000D7F20 /* panch_jabu11.mp3 in Resources */,
				1080981C1D966A98008A1BF4 /* sword-gesture1.mp3 in Resources */,
				108098221D966CB4008A1BF4 /* katana-clash2.mp3 in Resources */,
				108C2F901D9574F1000D7F20 /* taoreru09.mp3 in Resources */,
				108098181D966A98008A1BF4 /* katana-gesture1.mp3 in Resources */,
				1080981A1D966A98008A1BF4 /* sword-clash1.mp3 in Resources */,
				108098241D966D33008A1BF4 /* katana-clash3.mp3 in Resources */,
				1080980D1D9666F0008A1BF4 /* punch-high1.mp3 in Resources */,
				108C2F8D1D9574F1000D7F20 /* bun02.mp3 in Resources */,
				108098051D966122008A1BF4 /* kick-low1.mp3 in Resources */,
				1080982A1D96B7E2008A1BF4 /* katana-slash3.mp3 in Resources */,
				108098291D96B7E2008A1BF4 /* katana-slash2.mp3 in Resources */,
				108C2F8F1D9574F1000D7F20 /* panchi07.mp3 in Resources */,
				108098061D966122008A1BF4 /* punch-middle2.mp3 in Resources */,
				108098191D966A98008A1BF4 /* katana-slash5.mp3 in Resources */,
				1001024B1D94058400DEC9D0 /* Assets.xcassets in Resources */,
				1080981F1D966B55008A1BF4 /* katana-slash1.mp3 in Resources */,
				1080981B1D966A98008A1BF4 /* sword-clash4.mp3 in Resources */,
				1080980E1D9666F0008A1BF4 /* punch-high2.mp3 in Resources */,
				1080980C1D9666F0008A1BF4 /* kick-middle1.mp3 in Resources */,
				1080980B1D9666F0008A1BF4 /* kick-high1.mp3 in Resources */,
				108C2F871D957401000D7F20 /* panchi10.mp3 in Resources */,
				100102491D94058400DEC9D0 /* Main.storyboard in Resources */,
				108C2F911D9574F1000D7F20 /* zuza01.mp3 in Resources */,
			);
			runOnlyForDeploymentPostprocessing = 0;
		};
/* End PBXResourcesBuildPhase section */

/* Begin PBXSourcesBuildPhase section */
		100102371D94058400DEC9D0 /* Sources */ = {
			isa = PBXSourcesBuildPhase;
			buildActionMask = 2147483647;
			files = (
				100102461D94058400DEC9D0 /* ViewController.m in Sources */,
				100102431D94058400DEC9D0 /* AppDelegate.m in Sources */,
				100102401D94058400DEC9D0 /* main.m in Sources */,
			);
			runOnlyForDeploymentPostprocessing = 0;
		};
/* End PBXSourcesBuildPhase section */

/* Begin PBXVariantGroup section */
		100102471D94058400DEC9D0 /* Main.storyboard */ = {
			isa = PBXVariantGroup;
			children = (
				100102481D94058400DEC9D0 /* Base */,
			);
			name = Main.storyboard;
			sourceTree = "<group>";
		};
		1001024C1D94058400DEC9D0 /* LaunchScreen.storyboard */ = {
			isa = PBXVariantGroup;
			children = (
				1001024D1D94058400DEC9D0 /* Base */,
			);
			name = LaunchScreen.storyboard;
			sourceTree = "<group>";
		};
/* End PBXVariantGroup section */

/* Begin XCBuildConfiguration section */
		100102501D94058400DEC9D0 /* Debug */ = {
			isa = XCBuildConfiguration;
			buildSettings = {
				ALWAYS_SEARCH_USER_PATHS = NO;
				CLANG_ANALYZER_NONNULL = YES;
				CLANG_CXX_LANGUAGE_STANDARD = "gnu++0x";
				CLANG_CXX_LIBRARY = "libc++";
				CLANG_ENABLE_MODULES = YES;
				CLANG_ENABLE_OBJC_ARC = YES;
				CLANG_WARN_BOOL_CONVERSION = YES;
				CLANG_WARN_CONSTANT_CONVERSION = YES;
				CLANG_WARN_DIRECT_OBJC_ISA_USAGE = YES_ERROR;
				CLANG_WARN_EMPTY_BODY = YES;
				CLANG_WARN_ENUM_CONVERSION = YES;
				CLANG_WARN_INT_CONVERSION = YES;
				CLANG_WARN_OBJC_ROOT_CLASS = YES_ERROR;
				CLANG_WARN_UNREACHABLE_CODE = YES;
				CLANG_WARN__DUPLICATE_METHOD_MATCH = YES;
				"CODE_SIGN_IDENTITY[sdk=iphoneos*]" = "iPhone Developer";
				COPY_PHASE_STRIP = NO;
				DEBUG_INFORMATION_FORMAT = dwarf;
				ENABLE_STRICT_OBJC_MSGSEND = YES;
				ENABLE_TESTABILITY = YES;
				GCC_C_LANGUAGE_STANDARD = gnu99;
				GCC_DYNAMIC_NO_PIC = NO;
				GCC_NO_COMMON_BLOCKS = YES;
				GCC_OPTIMIZATION_LEVEL = 0;
				GCC_PREPROCESSOR_DEFINITIONS = (
					"DEBUG=1",
					"$(inherited)",
				);
				GCC_WARN_64_TO_32_BIT_CONVERSION = YES;
				GCC_WARN_ABOUT_RETURN_TYPE = YES_ERROR;
				GCC_WARN_UNDECLARED_SELECTOR = YES;
				GCC_WARN_UNINITIALIZED_AUTOS = YES_AGGRESSIVE;
				GCC_WARN_UNUSED_FUNCTION = YES;
				GCC_WARN_UNUSED_VARIABLE = YES;
				IPHONEOS_DEPLOYMENT_TARGET = 9.3;
				MTL_ENABLE_DEBUG_INFO = YES;
				ONLY_ACTIVE_ARCH = YES;
				SDKROOT = iphoneos;
			};
			name = Debug;
		};
		100102511D94058400DEC9D0 /* Release */ = {
			isa = XCBuildConfiguration;
			buildSettings = {
				ALWAYS_SEARCH_USER_PATHS = NO;
				CLANG_ANALYZER_NONNULL = YES;
				CLANG_CXX_LANGUAGE_STANDARD = "gnu++0x";
				CLANG_CXX_LIBRARY = "libc++";
				CLANG_ENABLE_MODULES = YES;
				CLANG_ENABLE_OBJC_ARC = YES;
				CLANG_WARN_BOOL_CONVERSION = YES;
				CLANG_WARN_CONSTANT_CONVERSION = YES;
				CLANG_WARN_DIRECT_OBJC_ISA_USAGE = YES_ERROR;
				CLANG_WARN_EMPTY_BODY = YES;
				CLANG_WARN_ENUM_CONVERSION = YES;
				CLANG_WARN_INT_CONVERSION = YES;
				CLANG_WARN_OBJC_ROOT_CLASS = YES_ERROR;
				CLANG_WARN_UNREACHABLE_CODE = YES;
				CLANG_WARN__DUPLICATE_METHOD_MATCH = YES;
				"CODE_SIGN_IDENTITY[sdk=iphoneos*]" = "iPhone Developer";
				COPY_PHASE_STRIP = NO;
				DEBUG_INFORMATION_FORMAT = "dwarf-with-dsym";
				ENABLE_NS_ASSERTIONS = NO;
				ENABLE_STRICT_OBJC_MSGSEND = YES;
				GCC_C_LANGUAGE_STANDARD = gnu99;
				GCC_NO_COMMON_BLOCKS = YES;
				GCC_WARN_64_TO_32_BIT_CONVERSION = YES;
				GCC_WARN_ABOUT_RETURN_TYPE = YES_ERROR;
				GCC_WARN_UNDECLARED_SELECTOR = YES;
				GCC_WARN_UNINITIALIZED_AUTOS = YES_AGGRESSIVE;
				GCC_WARN_UNUSED_FUNCTION = YES;
				GCC_WARN_UNUSED_VARIABLE = YES;
				IPHONEOS_DEPLOYMENT_TARGET = 9.3;
				MTL_ENABLE_DEBUG_INFO = NO;
				SDKROOT = iphoneos;
				VALIDATE_PRODUCT = YES;
			};
			name = Release;
		};
		100102531D94058400DEC9D0 /* Debug */ = {
			isa = XCBuildConfiguration;
			buildSettings = {
				ASSETCATALOG_COMPILER_APPICON_NAME = AppIcon;
				CLANG_ALLOW_NON_MODULAR_INCLUDES_IN_FRAMEWORK_MODULES = YES;
				CODE_SIGN_IDENTITY = "iPhone Developer";
				"CODE_SIGN_IDENTITY[sdk=iphoneos*]" = "iPhone Developer";
				FRAMEWORK_SEARCH_PATHS = (
					"$(inherited)",
					"$(PROJECT_DIR)/fliclib-ios-master",
				);
				INFOPLIST_FILE = TigerFlic/Info.plist;
				LD_RUNPATH_SEARCH_PATHS = "$(inherited) @executable_path/Frameworks";
				PRODUCT_BUNDLE_IDENTIFIER = IR.TigerFlic;
				PRODUCT_NAME = "$(TARGET_NAME)";
				PROVISIONING_PROFILE = "";
			};
			name = Debug;
		};
		100102541D94058400DEC9D0 /* Release */ = {
			isa = XCBuildConfiguration;
			buildSettings = {
				ASSETCATALOG_COMPILER_APPICON_NAME = AppIcon;
				CLANG_ALLOW_NON_MODULAR_INCLUDES_IN_FRAMEWORK_MODULES = YES;
				CODE_SIGN_IDENTITY = "iPhone Developer";
				"CODE_SIGN_IDENTITY[sdk=iphoneos*]" = "iPhone Developer";
				FRAMEWORK_SEARCH_PATHS = (
					"$(inherited)",
					"$(PROJECT_DIR)/fliclib-ios-master",
				);
				INFOPLIST_FILE = TigerFlic/Info.plist;
				LD_RUNPATH_SEARCH_PATHS = "$(inherited) @executable_path/Frameworks";
				PRODUCT_BUNDLE_IDENTIFIER = IR.TigerFlic;
				PRODUCT_NAME = "$(TARGET_NAME)";
				PROVISIONING_PROFILE = "";
			};
			name = Release;
		};
/* End XCBuildConfiguration section */

/* Begin XCConfigurationList section */
		100102361D94058400DEC9D0 /* Build configuration list for PBXProject "TigerFlic" */ = {
			isa = XCConfigurationList;
			buildConfigurations = (
				100102501D94058400DEC9D0 /* Debug */,
				100102511D94058400DEC9D0 /* Release */,
			);
			defaultConfigurationIsVisible = 0;
			defaultConfigurationName = Release;
		};
		100102521D94058400DEC9D0 /* Build configuration list for PBXNativeTarget "TigerFlic" */ = {
			isa = XCConfigurationList;
			buildConfigurations = (
				100102531D94058400DEC9D0 /* Debug */,
				100102541D94058400DEC9D0 /* Release */,
			);
			defaultConfigurationIsVisible = 0;
			defaultConfigurationName = Release;
		};
/* End XCConfigurationList section */
	};
	rootObject = 100102331D94058400DEC9D0 /* Project object */;
}
